
Microsoft Visual Studio Solution File, Format Version 12.00
# Visual Studio Version 17
VisualStudioVersion = 17.9.34723.18
MinimumVisualStudioVersion = 10.0.40219.1
Project("{FAE04EC0-301F-11D3-BF4B-00C04F79EFBC}") = "Carrito", "Carrito\Carrito.csproj", "{57F0535E-807E-4297-946F-F9038B545088}"
EndProject
Global
	GlobalSection(SolutionConfigurationPlatforms) = preSolution
		Debug|Any CPU = Debug|Any CPU
		Release|Any CPU = Release|Any CPU
	EndGlobalSection
	GlobalSection(ProjectConfigurationPlatforms) = postSolution
		{57F0535E-807E-4297-946F-F9038B545088}.Debug|Any CPU.ActiveCfg = Debug|Any CPU
		{57F0535E-807E-4297-946F-F9038B545088}.Debug|Any CPU.Build.0 = Debug|Any CPU
		{57F0535E-807E-4297-946F-F9038B545088}.Release|Any CPU.ActiveCfg = Release|Any CPU
		{57F0535E-807E-4297-946F-F9038B545088}.Release|Any CPU.Build.0 = Release|Any CPU
	EndGlobalSection
	GlobalSection(SolutionProperties) = preSolution
		HideSolutionNode = FALSE
	EndGlobalSection
	GlobalSection(ExtensibilityGlobals) = postSolution
		SolutionGuid = {74CBB215-6D3E-4D98-9515-5D7450D1DC5E}
	EndGlobalSection
EndGlobal
