
Microsoft Visual Studio Solution File, Format Version 12.00
# Visual Studio Version 17
VisualStudioVersion = 17.9.34723.18
MinimumVisualStudioVersion = 10.0.40219.1
Project("{FAE04EC0-301F-11D3-BF4B-00C04F79EFBC}") = "Carrito", "Carrito\Carrito.csproj", "{57F0535E-807E-4297-946F-F9038B545088}"
EndProject
Project("{FAE04EC0-301F-11D3-BF4B-00C04F79EFBC}") = "AccesoDataBase", "AccesoDatos\AccesoDataBase.csproj", "{BA05A8B9-3C60-43FF-B098-58FBF61BB315}"
EndProject
Project("{FAE04EC0-301F-11D3-BF4B-00C04F79EFBC}") = "Dominio", "Dominio\Dominio.csproj", "{CE64F95F-CAFB-483D-B2CA-EF26B2A29AC0}"
EndProject
Project("{FAE04EC0-301F-11D3-BF4B-00C04F79EFBC}") = "Negocio", "Negocio\Negocio.csproj", "{60F2C35E-A59D-4506-AB5C-4C73F7A9362A}"
EndProject
Global
	GlobalSection(SolutionConfigurationPlatforms) = preSolution
		Debug|Any CPU = Debug|Any CPU
		Release|Any CPU = Release|Any CPU
	EndGlobalSection
	GlobalSection(ProjectConfigurationPlatforms) = postSolution
		{57F0535E-807E-4297-946F-F9038B545088}.Debug|Any CPU.ActiveCfg = Debug|Any CPU
		{57F0535E-807E-4297-946F-F9038B545088}.Debug|Any CPU.Build.0 = Debug|Any CPU
		{57F0535E-807E-4297-946F-F9038B545088}.Release|Any CPU.ActiveCfg = Release|Any CPU
		{57F0535E-807E-4297-946F-F9038B545088}.Release|Any CPU.Build.0 = Release|Any CPU
		{BA05A8B9-3C60-43FF-B098-58FBF61BB315}.Debug|Any CPU.ActiveCfg = Debug|Any CPU
		{BA05A8B9-3C60-43FF-B098-58FBF61BB315}.Debug|Any CPU.Build.0 = Debug|Any CPU
		{BA05A8B9-3C60-43FF-B098-58FBF61BB315}.Release|Any CPU.ActiveCfg = Release|Any CPU
		{BA05A8B9-3C60-43FF-B098-58FBF61BB315}.Release|Any CPU.Build.0 = Release|Any CPU
		{CE64F95F-CAFB-483D-B2CA-EF26B2A29AC0}.Debug|Any CPU.ActiveCfg = Debug|Any CPU
		{CE64F95F-CAFB-483D-B2CA-EF26B2A29AC0}.Debug|Any CPU.Build.0 = Debug|Any CPU
		{CE64F95F-CAFB-483D-B2CA-EF26B2A29AC0}.Release|Any CPU.ActiveCfg = Release|Any CPU
		{CE64F95F-CAFB-483D-B2CA-EF26B2A29AC0}.Release|Any CPU.Build.0 = Release|Any CPU
		{60F2C35E-A59D-4506-AB5C-4C73F7A9362A}.Debug|Any CPU.ActiveCfg = Debug|Any CPU
		{60F2C35E-A59D-4506-AB5C-4C73F7A9362A}.Debug|Any CPU.Build.0 = Debug|Any CPU
		{60F2C35E-A59D-4506-AB5C-4C73F7A9362A}.Release|Any CPU.ActiveCfg = Release|Any CPU
		{60F2C35E-A59D-4506-AB5C-4C73F7A9362A}.Release|Any CPU.Build.0 = Release|Any CPU
	EndGlobalSection
	GlobalSection(SolutionProperties) = preSolution
		HideSolutionNode = FALSE
	EndGlobalSection
	GlobalSection(ExtensibilityGlobals) = postSolution
		SolutionGuid = {74CBB215-6D3E-4D98-9515-5D7450D1DC5E}
	EndGlobalSection
EndGlobal
